
Microsoft Visual Studio Solution File, Format Version 12.00
Project("{FAE04EC0-301F-11D3-BF4B-00C04F79EFBC}") = "MasterHand", "MasterHand\MasterHand\MasterHand.csproj", "{E8CBC04C-AFB4-4BF6-9A16-7551F010A916}"
EndProject
Project("{FAE04EC0-301F-11D3-BF4B-00C04F79EFBC}") = "MasterHand.Desktop", "MasterHand\MasterHand.Desktop\MasterHand.Desktop.csproj", "{E125C442-604A-49FB-9C66-68E078A0782C}"
EndProject
Global
	GlobalSection(SolutionConfigurationPlatforms) = preSolution
		Debug|Any CPU = Debug|Any CPU
		Release|Any CPU = Release|Any CPU
	EndGlobalSection
	GlobalSection(ProjectConfigurationPlatforms) = postSolution
		{E8CBC04C-AFB4-4BF6-9A16-7551F010A916}.Debug|Any CPU.ActiveCfg = Debug|Any CPU
		{E8CBC04C-AFB4-4BF6-9A16-7551F010A916}.Debug|Any CPU.Build.0 = Debug|Any CPU
		{E8CBC04C-AFB4-4BF6-9A16-7551F010A916}.Release|Any CPU.ActiveCfg = Release|Any CPU
		{E8CBC04C-AFB4-4BF6-9A16-7551F010A916}.Release|Any CPU.Build.0 = Release|Any CPU
		{E125C442-604A-49FB-9C66-68E078A0782C}.Debug|Any CPU.ActiveCfg = Debug|Any CPU
		{E125C442-604A-49FB-9C66-68E078A0782C}.Debug|Any CPU.Build.0 = Debug|Any CPU
		{E125C442-604A-49FB-9C66-68E078A0782C}.Release|Any CPU.ActiveCfg = Release|Any CPU
		{E125C442-604A-49FB-9C66-68E078A0782C}.Release|Any CPU.Build.0 = Release|Any CPU
	EndGlobalSection
EndGlobal
